
Microsoft Visual Studio Solution File, Format Version 12.00
# Visual Studio Version 17
VisualStudioVersion = 17.10.35122.118
MinimumVisualStudioVersion = 10.0.40219.1
Project("{FAE04EC0-301F-11D3-BF4B-00C04F79EFBC}") = "CoFAS.NEW.MES", "CoFAS.NEW.MES\CoFAS.NEW.MES.csproj", "{3489FD44-C717-495F-9F17-45449D163635}"
EndProject
Project("{FAE04EC0-301F-11D3-BF4B-00C04F79EFBC}") = "CoFAS.NEW.MES.Core", "CoFAS.NEW.MES.Core\CoFAS.NEW.MES.Core.csproj", "{65E4CB53-26BF-4814-A219-B023E0F3D381}"
EndProject
Project("{FAE04EC0-301F-11D3-BF4B-00C04F79EFBC}") = "CoFAS.NEW.MES.Download", "CoFAS.NEW.MES.Download\CoFAS.NEW.MES.Download.csproj", "{69C9C5C7-0F62-493B-8EE3-93A4F3354068}"
EndProject
Project("{FAE04EC0-301F-11D3-BF4B-00C04F79EFBC}") = "CoFAS.NEW.MES.DPS", "CoFAS.NEW.MES.DPS\CoFAS.NEW.MES.DPS.csproj", "{726D0537-7334-48A9-9929-E7CA8BAB905B}"
EndProject
Project("{FAE04EC0-301F-11D3-BF4B-00C04F79EFBC}") = "CoFAS.NEW.MES.HS_SI", "CoFAS.NEW.MES.HS_SI\CoFAS.NEW.MES.HS_SI.csproj", "{FA74828B-4F50-4EFC-8E5F-BB336C5A51EA}"
EndProject
Project("{FAE04EC0-301F-11D3-BF4B-00C04F79EFBC}") = "CoFAS.NEW.MES.Monitoring", "CoFAS.NEW.MES.Monitoring\CoFAS.NEW.MES.Monitoring.csproj", "{061209AC-93A7-4E36-A01C-002C6F8D756A}"
EndProject
Project("{FAE04EC0-301F-11D3-BF4B-00C04F79EFBC}") = "CoFAS.NEW.MES.POP", "CoFAS.NEW.MES.POP\CoFAS.NEW.MES.POP.csproj", "{CBA57F84-1044-407C-9412-6A77C8ED1017}"
EndProject
Project("{FAE04EC0-301F-11D3-BF4B-00C04F79EFBC}") = "CoFAS.NEW.MES.Upload", "CoFAS.NEW.MES.Upload\CoFAS.NEW.MES.Upload.csproj", "{F8DC0C1F-FCBA-4F00-A3EF-B71DF9CF0755}"
EndProject
Project("{54435603-DBB4-11D2-8724-00A0C9A8B90C}") = "CoFAS.NEW.MES.MATERIAL_POP", "CoFAS.NEW.MES.MATERIAL_POP\CoFAS.NEW.MES.MATERIAL_POP.vdproj", "{319DE869-B755-42D1-97BD-00DD90EA71AA}"
EndProject
Global
	GlobalSection(SolutionConfigurationPlatforms) = preSolution
		Debug|Any CPU = Debug|Any CPU
		Release|Any CPU = Release|Any CPU
	EndGlobalSection
	GlobalSection(ProjectConfigurationPlatforms) = postSolution
		{3489FD44-C717-495F-9F17-45449D163635}.Debug|Any CPU.ActiveCfg = Debug|Any CPU
		{3489FD44-C717-495F-9F17-45449D163635}.Debug|Any CPU.Build.0 = Debug|Any CPU
		{3489FD44-C717-495F-9F17-45449D163635}.Release|Any CPU.ActiveCfg = Release|Any CPU
		{3489FD44-C717-495F-9F17-45449D163635}.Release|Any CPU.Build.0 = Release|Any CPU
		{65E4CB53-26BF-4814-A219-B023E0F3D381}.Debug|Any CPU.ActiveCfg = Debug|Any CPU
		{65E4CB53-26BF-4814-A219-B023E0F3D381}.Debug|Any CPU.Build.0 = Debug|Any CPU
		{65E4CB53-26BF-4814-A219-B023E0F3D381}.Release|Any CPU.ActiveCfg = Release|Any CPU
		{65E4CB53-26BF-4814-A219-B023E0F3D381}.Release|Any CPU.Build.0 = Release|Any CPU
		{69C9C5C7-0F62-493B-8EE3-93A4F3354068}.Debug|Any CPU.ActiveCfg = Debug|Any CPU
		{69C9C5C7-0F62-493B-8EE3-93A4F3354068}.Debug|Any CPU.Build.0 = Debug|Any CPU
		{69C9C5C7-0F62-493B-8EE3-93A4F3354068}.Release|Any CPU.ActiveCfg = Release|Any CPU
		{69C9C5C7-0F62-493B-8EE3-93A4F3354068}.Release|Any CPU.Build.0 = Release|Any CPU
		{726D0537-7334-48A9-9929-E7CA8BAB905B}.Debug|Any CPU.ActiveCfg = Debug|Any CPU
		{726D0537-7334-48A9-9929-E7CA8BAB905B}.Debug|Any CPU.Build.0 = Debug|Any CPU
		{726D0537-7334-48A9-9929-E7CA8BAB905B}.Release|Any CPU.ActiveCfg = Release|Any CPU
		{726D0537-7334-48A9-9929-E7CA8BAB905B}.Release|Any CPU.Build.0 = Release|Any CPU
		{FA74828B-4F50-4EFC-8E5F-BB336C5A51EA}.Debug|Any CPU.ActiveCfg = Debug|Any CPU
		{FA74828B-4F50-4EFC-8E5F-BB336C5A51EA}.Debug|Any CPU.Build.0 = Debug|Any CPU
		{FA74828B-4F50-4EFC-8E5F-BB336C5A51EA}.Release|Any CPU.ActiveCfg = Release|Any CPU
		{FA74828B-4F50-4EFC-8E5F-BB336C5A51EA}.Release|Any CPU.Build.0 = Release|Any CPU
		{061209AC-93A7-4E36-A01C-002C6F8D756A}.Debug|Any CPU.ActiveCfg = Debug|Any CPU
		{061209AC-93A7-4E36-A01C-002C6F8D756A}.Debug|Any CPU.Build.0 = Debug|Any CPU
		{061209AC-93A7-4E36-A01C-002C6F8D756A}.Release|Any CPU.ActiveCfg = Release|Any CPU
		{061209AC-93A7-4E36-A01C-002C6F8D756A}.Release|Any CPU.Build.0 = Release|Any CPU
		{CBA57F84-1044-407C-9412-6A77C8ED1017}.Debug|Any CPU.ActiveCfg = Debug|Any CPU
		{CBA57F84-1044-407C-9412-6A77C8ED1017}.Debug|Any CPU.Build.0 = Debug|Any CPU
		{CBA57F84-1044-407C-9412-6A77C8ED1017}.Release|Any CPU.ActiveCfg = Release|Any CPU
		{CBA57F84-1044-407C-9412-6A77C8ED1017}.Release|Any CPU.Build.0 = Release|Any CPU
		{F8DC0C1F-FCBA-4F00-A3EF-B71DF9CF0755}.Debug|Any CPU.ActiveCfg = Debug|Any CPU
		{F8DC0C1F-FCBA-4F00-A3EF-B71DF9CF0755}.Debug|Any CPU.Build.0 = Debug|Any CPU
		{F8DC0C1F-FCBA-4F00-A3EF-B71DF9CF0755}.Release|Any CPU.ActiveCfg = Release|Any CPU
		{F8DC0C1F-FCBA-4F00-A3EF-B71DF9CF0755}.Release|Any CPU.Build.0 = Release|Any CPU
		{319DE869-B755-42D1-97BD-00DD90EA71AA}.Debug|Any CPU.ActiveCfg = Debug
		{319DE869-B755-42D1-97BD-00DD90EA71AA}.Release|Any CPU.ActiveCfg = Release
	EndGlobalSection
	GlobalSection(SolutionProperties) = preSolution
		HideSolutionNode = FALSE
	EndGlobalSection
	GlobalSection(ExtensibilityGlobals) = postSolution
		SolutionGuid = {EC6F7061-8755-4405-9F90-1AF75FEC17AB}
	EndGlobalSection
EndGlobal
